# THIS IS AN AUTOGENERATED FILE. DO NOT EDIT THIS FILE DIRECTLY.
# yarn lockfile v1


"@vtex/tsconfig@^0.6.0":
  version "0.6.0"
  resolved "https://registry.yarnpkg.com/@vtex/tsconfig/-/tsconfig-0.6.0.tgz#c9dfffc95d2ef55195237411f9c15269ca30b2a5"
  integrity sha512-SVQBxaSdEVdpJFja1aVTIiZBgpQKePyYOUWGzcYq6LYkSWqSbz2LoC7TuLUsmfweYmVkv8+4eVuxcDpQVEpq1A==

asynckit@^0.4.0:
  version "0.4.0"
  resolved "https://registry.yarnpkg.com/asynckit/-/asynckit-0.4.0.tgz#c79ed97f7f34cb8f2ba1bc9790bcc366474b4b79"
  integrity sha512-Oei9OH4tRh0YqU3GxhX79dM/mwVgvbZJaSNaRk+bshkj0S5cfHcgYakreBjrHwatXKbz+IoIdYLxrKim2MjW0Q==

axios@^1.3.5:
  version "1.3.5"
  resolved "https://registry.yarnpkg.com/axios/-/axios-1.3.5.tgz#e07209b39a0d11848e3e341fa087acd71dadc542"
  integrity sha512-glL/PvG/E+xCWwV8S6nCHcrfg1exGx7vxyUIivIA1iL7BIh6bePylCfVHwp6k13ao7SATxB6imau2kqY+I67kw==
  dependencies:
    follow-redirects "^1.15.0"
    form-data "^4.0.0"
    proxy-from-env "^1.1.0"

combined-stream@^1.0.8:
  version "1.0.8"
  resolved "https://registry.yarnpkg.com/combined-stream/-/combined-stream-1.0.8.tgz#c3d45a8b34fd730631a110a8a2520682b31d5a7f"
  integrity sha512-FQN4MRfuJeHf7cBbBMJFXhKSDq+2kAArBlmRBvcvFE5BB1HZKXtSFASDhdlz9zOYwxh8lDdnvmMOe/+5cdoEdg==
  dependencies:
    delayed-stream "~1.0.0"

delayed-stream@~1.0.0:
  version "1.0.0"
  resolved "https://registry.yarnpkg.com/delayed-stream/-/delayed-stream-1.0.0.tgz#df3ae199acadfb7d440aaae0b29e2272b24ec619"
  integrity sha512-ZySD7Nf91aLB0RxL4KGrKHBXl7Eds1DAmEdcoVawXnLD7SDhpNgtuII2aAkg7a7QS41jxPSZ17p4VdGnMHk3MQ==

follow-redirects@^1.15.0:
  version "1.15.2"
  resolved "https://registry.yarnpkg.com/follow-redirects/-/follow-redirects-1.15.2.tgz#b460864144ba63f2681096f274c4e57026da2c13"
  integrity sha512-VQLG33o04KaQ8uYi2tVNbdrWp1QWxNNea+nmIB4EVM28v0hmP17z7aG1+wAkNzVq4KeXTq3221ye5qTJP91JwA==

form-data@^4.0.0:
  version "4.0.0"
  resolved "https://registry.yarnpkg.com/form-data/-/form-data-4.0.0.tgz#93919daeaf361ee529584b9b31664dc12c9fa452"
  integrity sha512-ETEklSGi5t0QMZuiXoA/Q6vcnxcLQP5vdugSpuAyi6SVGi2clPPp+xgEhuMaHC+zGgn31Kd235W35f7Hykkaww==
  dependencies:
    asynckit "^0.4.0"
    combined-stream "^1.0.8"
    mime-types "^2.1.12"

mime-db@1.52.0:
  version "1.52.0"
  resolved "https://registry.yarnpkg.com/mime-db/-/mime-db-1.52.0.tgz#bbabcdc02859f4987301c856e3387ce5ec43bf70"
  integrity sha512-sPU4uV7dYlvtWJxwwxHD0PuihVNiE7TyAbQ5SWxDCB9mUYvOgroQOwYQQOKPJ8CIbE+1ETVlOoK1UC2nU3gYvg==

mime-types@^2.1.12:
  version "2.1.35"
  resolved "https://registry.yarnpkg.com/mime-types/-/mime-types-2.1.35.tgz#381a871b62a734450660ae3deee44813f70d959a"
  integrity sha512-ZDY+bPm5zTTF+YpCrAU9nK0UgICYPT0QtT1NZWFv4s++TNkcgVaT0g6+4R2uI4MjQjzysHB1zxuWL50hzaeXiw==
  dependencies:
    mime-db "1.52.0"

proxy-from-env@^1.1.0:
  version "1.1.0"
  resolved "https://registry.yarnpkg.com/proxy-from-env/-/proxy-from-env-1.1.0.tgz#e102f16ca355424865755d2c9e8ea4f24d58c3e2"
  integrity sha512-D+zkORCbA9f1tdWRK0RaCR3GPv50cMxcrz4X8k5LTSUD1Dkw47mKJEZQNunItRTkWwgtaUSo1RVFRIG9ZXiFYg==

"vtex.add-to-cart-button@http://vtex.vtexassets.com/_v/public/typings/v1/vtex.add-to-cart-button@0.30.2/public/@types/vtex.add-to-cart-button":
  version "0.30.2"
  resolved "http://vtex.vtexassets.com/_v/public/typings/v1/vtex.add-to-cart-button@0.30.2/public/@types/vtex.add-to-cart-button#460e38a0fca759d2eba382ebe6cd92d6c645b0b6"

"vtex.breadcrumb@http://vtex.vtexassets.com/_v/public/typings/v1/vtex.breadcrumb@1.9.5/public/@types/vtex.breadcrumb":
  version "1.9.5"
  resolved "http://vtex.vtexassets.com/_v/public/typings/v1/vtex.breadcrumb@1.9.5/public/@types/vtex.breadcrumb#261c73e9840f168c36ce30e687982a227728ab86"

"vtex.carousel@http://vtex.vtexassets.com/_v/public/typings/v1/vtex.carousel@2.12.1/public/@types/vtex.carousel":
  version "2.12.1"
  resolved "http://vtex.vtexassets.com/_v/public/typings/v1/vtex.carousel@2.12.1/public/@types/vtex.carousel#f99139a9d22227fa239192a058defd13f8cc50be"

"vtex.category-menu@http://vtex.vtexassets.com/_v/public/typings/v1/vtex.category-menu@2.18.0/public/@types/vtex.category-menu":
  version "2.18.0"
  resolved "http://vtex.vtexassets.com/_v/public/typings/v1/vtex.category-menu@2.18.0/public/@types/vtex.category-menu#e485af741eb9e96fbfc6a0e31ccc5240b910d8d7"

"vtex.checkout-summary@http://vtex.vtexassets.com/_v/public/typings/v1/vtex.checkout-summary@0.22.0/public/@types/vtex.checkout-summary":
  version "0.22.0"
  resolved "http://vtex.vtexassets.com/_v/public/typings/v1/vtex.checkout-summary@0.22.0/public/@types/vtex.checkout-summary#c6d3dbd76be90cd18c4a6e03a00284dc4f12f352"

"vtex.css-handles@http://vtex.vtexassets.com/_v/public/typings/v1/vtex.css-handles@1.0.1/public/@types/vtex.css-handles":
  version "1.0.1"
  resolved "http://vtex.vtexassets.com/_v/public/typings/v1/vtex.css-handles@1.0.1/public/@types/vtex.css-handles#9444e64afad49e3ace3461f170b7d28f29b78d07"

"vtex.disclosure-layout@http://vtex.vtexassets.com/_v/public/typings/v1/vtex.disclosure-layout@1.0.3/public/@types/vtex.disclosure-layout":
  version "1.0.3"
  resolved "http://vtex.vtexassets.com/_v/public/typings/v1/vtex.disclosure-layout@1.0.3/public/@types/vtex.disclosure-layout#15590cd6a3f23e5a7591d76ad1a44b5c0c6a088a"

"vtex.flex-layout@http://vtex.vtexassets.com/_v/public/typings/v1/vtex.flex-layout@0.21.3/public/@types/vtex.flex-layout":
  version "0.21.3"
  resolved "http://vtex.vtexassets.com/_v/public/typings/v1/vtex.flex-layout@0.21.3/public/@types/vtex.flex-layout#407f0e310545ff006f08afb35f5d38ace4546435"

"vtex.format-currency@http://vtex.vtexassets.com/_v/public/typings/v1/vtex.format-currency@0.4.1/public/@types/vtex.format-currency":
  version "0.4.1"
  resolved "http://vtex.vtexassets.com/_v/public/typings/v1/vtex.format-currency@0.4.1/public/@types/vtex.format-currency#aaed82b498270f0bb6f37e93eff7e7f401e4d283"

"vtex.iframe@http://vtex.vtexassets.com/_v/public/typings/v1/vtex.iframe@0.8.0/public/@types/vtex.iframe":
  version "0.8.0"
  resolved "http://vtex.vtexassets.com/_v/public/typings/v1/vtex.iframe@0.8.0/public/@types/vtex.iframe#201ccc038cec1a5eeb5e1e5a751a7337268d198e"

"vtex.locale-switcher@http://vtex.vtexassets.com/_v/public/typings/v1/vtex.locale-switcher@0.5.6/public/@types/vtex.locale-switcher":
  version "0.5.6"
  resolved "http://vtex.vtexassets.com/_v/public/typings/v1/vtex.locale-switcher@0.5.6/public/@types/vtex.locale-switcher#5db8558af5593d65e4fff3da0903d0081dfcab42"

"vtex.login@http://vtex.vtexassets.com/_v/public/typings/v1/vtex.login@2.65.1/public/@types/vtex.login":
  version "2.65.1"
  resolved "http://vtex.vtexassets.com/_v/public/typings/v1/vtex.login@2.65.1/public/@types/vtex.login#5ffb38ed5dd800b20a6202820b135f865df410b8"

"vtex.menu@http://vtex.vtexassets.com/_v/public/typings/v1/vtex.menu@2.35.1/public/@types/vtex.menu":
  version "2.35.1"
  resolved "http://vtex.vtexassets.com/_v/public/typings/v1/vtex.menu@2.35.1/public/@types/vtex.menu#4f3c5748c116a441904efca1fde31a95415a4808"

"vtex.minicart@http://vtex.vtexassets.com/_v/public/typings/v1/vtex.minicart@2.68.0/public/@types/vtex.minicart":
  version "2.68.0"
  resolved "http://vtex.vtexassets.com/_v/public/typings/v1/vtex.minicart@2.68.0/public/@types/vtex.minicart#8370cc2da68f149743ef1dfb4ce5b1a64095970f"

"vtex.modal-layout@http://vtex.vtexassets.com/_v/public/typings/v1/vtex.modal-layout@0.14.1/public/@types/vtex.modal-layout":
  version "0.14.1"
  resolved "http://vtex.vtexassets.com/_v/public/typings/v1/vtex.modal-layout@0.14.1/public/@types/vtex.modal-layout#c25eaff0dc7ecdc1021f4d00e354b9e23749c6f4"

"vtex.my-account@http://vtex.vtexassets.com/_v/public/typings/v1/vtex.my-account@1.29.0/public/@types/vtex.my-account":
  version "1.29.0"
  resolved "http://vtex.vtexassets.com/_v/public/typings/v1/vtex.my-account@1.29.0/public/@types/vtex.my-account#014ffc22855e21f321b5ed81d1c95e547740b0ba"

"vtex.order-manager@http://vtex.vtexassets.com/_v/public/typings/v1/vtex.order-manager@0.12.0/public/@types/vtex.order-manager":
  version "0.12.0"
  resolved "http://vtex.vtexassets.com/_v/public/typings/v1/vtex.order-manager@0.12.0/public/@types/vtex.order-manager#2cf6a9d2a31bc503b783c257695b0d17c09b5696"

"vtex.order-placed@http://vtex.vtexassets.com/_v/public/typings/v1/vtex.order-placed@2.18.0/public/@types/vtex.order-placed":
  version "2.18.0"
  resolved "http://vtex.vtexassets.com/_v/public/typings/v1/vtex.order-placed@2.18.0/public/@types/vtex.order-placed#e3f5105caf8059e1dcee27c40dc3d52577dd2889"

"vtex.overlay-layout@http://vtex.vtexassets.com/_v/public/typings/v1/vtex.overlay-layout@0.1.3/public/@types/vtex.overlay-layout":
  version "0.1.3"
  resolved "http://vtex.vtexassets.com/_v/public/typings/v1/vtex.overlay-layout@0.1.3/public/@types/vtex.overlay-layout#59950a8f730d416144dc24ad476e9011272b59d5"

"vtex.product-context@http://vtex.vtexassets.com/_v/public/typings/v1/vtex.product-context@0.10.1/public/@types/vtex.product-context":
  version "0.10.1"
  resolved "http://vtex.vtexassets.com/_v/public/typings/v1/vtex.product-context@0.10.1/public/@types/vtex.product-context#86ceba68085420edcf54749f07e51a257d2e5d94"

"vtex.product-details@http://vtex.vtexassets.com/_v/public/typings/v1/vtex.product-details@1.22.0/public/@types/vtex.product-details":
  version "1.22.0"
  resolved "http://vtex.vtexassets.com/_v/public/typings/v1/vtex.product-details@1.22.0/public/@types/vtex.product-details#c2829a3a2c8b8f48ee273280a86859449b9835f8"

"vtex.product-identifier@http://vtex.vtexassets.com/_v/public/typings/v1/vtex.product-identifier@0.5.0/public/@types/vtex.product-identifier":
  version "0.5.0"
  resolved "http://vtex.vtexassets.com/_v/public/typings/v1/vtex.product-identifier@0.5.0/public/@types/vtex.product-identifier#f5d442b6a7ca648c61e8655a356e8588e49c43b2"

"vtex.product-kit@http://vtex.vtexassets.com/_v/public/typings/v1/vtex.product-kit@1.10.2/public/_types/react":
  version "0.0.0"
  resolved "http://vtex.vtexassets.com/_v/public/typings/v1/vtex.product-kit@1.10.2/public/_types/react#fa7a0347e046eab3dd768998fc9252b2c0dd5aef"

"vtex.product-list@http://vtex.vtexassets.com/_v/public/typings/v1/vtex.product-list@0.37.3/public/@types/vtex.product-list":
  version "0.37.3"
  resolved "http://vtex.vtexassets.com/_v/public/typings/v1/vtex.product-list@0.37.3/public/@types/vtex.product-list#cb28a95af49795fff2ca0a7b912bced2226f539d"

"vtex.product-price@http://vtex.vtexassets.com/_v/public/typings/v1/vtex.product-price@1.31.1/public/@types/vtex.product-price":
  version "1.31.1"
  resolved "http://vtex.vtexassets.com/_v/public/typings/v1/vtex.product-price@1.31.1/public/@types/vtex.product-price#03464d55e85fd65d307ec8add1da8bd621949ec1"

"vtex.product-quantity@http://vtex.vtexassets.com/_v/public/typings/v1/vtex.product-quantity@1.9.0/public/@types/vtex.product-quantity":
  version "1.9.0"
  resolved "http://vtex.vtexassets.com/_v/public/typings/v1/vtex.product-quantity@1.9.0/public/@types/vtex.product-quantity#686536c85e0bf7af98f803dc4385f959c181bb07"

"vtex.product-review-interfaces@http://vtex.vtexassets.com/_v/public/typings/v1/vtex.product-review-interfaces@1.0.2/public/_types/react":
  version "1.0.2"
  resolved "http://vtex.vtexassets.com/_v/public/typings/v1/vtex.product-review-interfaces@1.0.2/public/_types/react#84d1997cdae079d1401611f3d4a4619ed914673f"

"vtex.product-specification-badges@http://vtex.vtexassets.com/_v/public/typings/v1/vtex.product-specification-badges@0.3.0/public/@types/vtex.product-specification-badges":
  version "0.3.0"
  resolved "http://vtex.vtexassets.com/_v/public/typings/v1/vtex.product-specification-badges@0.3.0/public/@types/vtex.product-specification-badges#2df6b189acfabf642504df02d7b8ad406ee90c07"

"vtex.product-summary@http://vtex.vtexassets.com/_v/public/typings/v1/vtex.product-summary@2.90.1/public/@types/vtex.product-summary":
  version "2.90.1"
  resolved "http://vtex.vtexassets.com/_v/public/typings/v1/vtex.product-summary@2.90.1/public/@types/vtex.product-summary#b2efb5e9543511f98da94d1814c0d6a6a6803feb"

"vtex.render-runtime@http://vtex.vtexassets.com/_v/public/typings/v1/vtex.render-runtime@8.134.11/public/@types/vtex.render-runtime":
  version "8.134.11"
  resolved "http://vtex.vtexassets.com/_v/public/typings/v1/vtex.render-runtime@8.134.11/public/@types/vtex.render-runtime#0e42a00ac9b26c34b5b18b7a080f7dc3a5ac9959"

"vtex.responsive-layout@http://vtex.vtexassets.com/_v/public/typings/v1/vtex.responsive-layout@0.1.4/public/@types/vtex.responsive-layout":
  version "0.1.4"
  resolved "http://vtex.vtexassets.com/_v/public/typings/v1/vtex.responsive-layout@0.1.4/public/@types/vtex.responsive-layout#e67d61ec1e308accb4e0ef2bd172fe04a41bf662"

"vtex.rich-text@http://vtex.vtexassets.com/_v/public/typings/v1/vtex.rich-text@0.16.0/public/@types/vtex.rich-text":
  version "0.16.0"
  resolved "http://vtex.vtexassets.com/_v/public/typings/v1/vtex.rich-text@0.16.0/public/@types/vtex.rich-text#0cdcaccffb37ae0d025894ba7055f69bc3c9aa30"

"vtex.search-result@http://vtex.vtexassets.com/_v/public/typings/v1/vtex.search-result@3.134.1/public/@types/vtex.search-result":
  version "3.134.1"
  resolved "http://vtex.vtexassets.com/_v/public/typings/v1/vtex.search-result@3.134.1/public/@types/vtex.search-result#6a92cf9576f7f1f4923ed284fe19a2990c9bc794"

"vtex.seller-selector@http://vtex.vtexassets.com/_v/public/typings/v1/vtex.seller-selector@0.5.0/public/@types/vtex.seller-selector":
  version "0.5.0"
  resolved "http://vtex.vtexassets.com/_v/public/typings/v1/vtex.seller-selector@0.5.0/public/@types/vtex.seller-selector#edcb49cc9b5bccc75fc84508882ba2025b7c8f13"

"vtex.session-client@http://vtex.vtexassets.com/_v/public/typings/v1/vtex.session-client@1.0.2/public/@types/vtex.session-client":
  version "1.0.2"
  resolved "http://vtex.vtexassets.com/_v/public/typings/v1/vtex.session-client@1.0.2/public/@types/vtex.session-client#239ac9935a59699e62e1509f844de81544ed0877"

"vtex.shelf@http://vtex.vtexassets.com/_v/public/typings/v1/vtex.shelf@1.49.0/public/@types/vtex.shelf":
  version "1.49.0"
  resolved "http://vtex.vtexassets.com/_v/public/typings/v1/vtex.shelf@1.49.0/public/@types/vtex.shelf#32b849d3bd8bf07570cca0de801ee9a8708b869c"

"vtex.shopper-location@http://vtex.vtexassets.com/_v/public/typings/v1/vtex.shopper-location@1.8.1/public/@types/vtex.shopper-location":
  version "1.8.1"
  resolved "http://vtex.vtexassets.com/_v/public/typings/v1/vtex.shopper-location@1.8.1/public/@types/vtex.shopper-location#cd3fdc3f0a857eb5c5fe236396bfec6f4ff34824"

"vtex.slider-layout@http://vtex.vtexassets.com/_v/public/typings/v1/vtex.slider-layout@0.24.6/public/@types/vtex.slider-layout":
  version "0.24.6"
  resolved "http://vtex.vtexassets.com/_v/public/typings/v1/vtex.slider-layout@0.24.6/public/@types/vtex.slider-layout#abdc109d880937fe528641c06a3f0e966579bf92"

"vtex.slider@http://vtex.vtexassets.com/_v/public/typings/v1/vtex.slider@0.8.3/public/@types/vtex.slider":
  version "0.8.3"
  resolved "http://vtex.vtexassets.com/_v/public/typings/v1/vtex.slider@0.8.3/public/@types/vtex.slider#9b7be08012a5d3ec41fdc651235a964cb5f7db85"

"vtex.stack-layout@http://vtex.vtexassets.com/_v/public/typings/v1/vtex.stack-layout@0.1.1/public/@types/vtex.stack-layout":
  version "0.1.1"
  resolved "http://vtex.vtexassets.com/_v/public/typings/v1/vtex.stack-layout@0.1.1/public/@types/vtex.stack-layout#d7ae9ed78c33073482ceb753a7cfa11c7cb8d83f"

"vtex.sticky-layout@http://vtex.vtexassets.com/_v/public/typings/v1/vtex.sticky-layout@0.3.4/public/@types/vtex.sticky-layout":
  version "0.3.4"
  resolved "http://vtex.vtexassets.com/_v/public/typings/v1/vtex.sticky-layout@0.3.4/public/@types/vtex.sticky-layout#5b786d6f9ab0a40e4997c955a75885eee32515ef"

"vtex.store-components@http://vtex.vtexassets.com/_v/public/typings/v1/vtex.store-components@3.176.0/public/@types/vtex.store-components":
  version "3.176.0"
  resolved "http://vtex.vtexassets.com/_v/public/typings/v1/vtex.store-components@3.176.0/public/@types/vtex.store-components#aab0c7cdf327d537febab2e1c9e2ac49d92f5de7"

"vtex.store-drawer@http://vtex.vtexassets.com/_v/public/typings/v1/vtex.store-drawer@0.18.1/public/@types/vtex.store-drawer":
  version "0.18.1"
  resolved "http://vtex.vtexassets.com/_v/public/typings/v1/vtex.store-drawer@0.18.1/public/@types/vtex.store-drawer#6a9c41b35d9f992c7683f2d275c0817271619075"

"vtex.store-footer@http://vtex.vtexassets.com/_v/public/typings/v1/vtex.store-footer@2.27.0/public/@types/vtex.store-footer":
  version "2.27.0"
  resolved "http://vtex.vtexassets.com/_v/public/typings/v1/vtex.store-footer@2.27.0/public/@types/vtex.store-footer#81c4e23689a6d4e97d6b8b8de930f76c7dfdcbd9"

"vtex.store-header@http://vtex.vtexassets.com/_v/public/typings/v1/vtex.store-header@2.29.0/public/@types/vtex.store-header":
  version "2.29.0"
  resolved "http://vtex.vtexassets.com/_v/public/typings/v1/vtex.store-header@2.29.0/public/@types/vtex.store-header#702033f782c6c25ae2fed42b5a3703db5fd1ac87"

"vtex.store-icons@http://vtex.vtexassets.com/_v/public/typings/v1/vtex.store-icons@0.18.0/public/@types/vtex.store-icons":
  version "0.18.0"
  resolved "http://vtex.vtexassets.com/_v/public/typings/v1/vtex.store-icons@0.18.0/public/@types/vtex.store-icons#0ee94d549aa283ce3a13ab987c13eac4fdfd1bba"

"vtex.store-image@http://vtex.vtexassets.com/_v/public/typings/v1/vtex.store-image@0.22.3/public/@types/vtex.store-image":
  version "0.22.3"
  resolved "http://vtex.vtexassets.com/_v/public/typings/v1/vtex.store-image@0.22.3/public/@types/vtex.store-image#71e81446ab5eb1b80ec9b7915f5471bdd6ec0757"

"vtex.store-media@http://vtex.vtexassets.com/_v/public/typings/v1/vtex.store-media@0.3.0/public/@types/vtex.store-media":
  version "0.3.0"
  resolved "http://vtex.vtexassets.com/_v/public/typings/v1/vtex.store-media@0.3.0/public/@types/vtex.store-media#7ca27b6b439489d46785ce0414eed8c311402c73"

"vtex.store-newsletter@http://vtex.vtexassets.com/_v/public/typings/v1/vtex.store-newsletter@1.3.0/public/@types/vtex.store-newsletter":
  version "1.3.0"
  resolved "http://vtex.vtexassets.com/_v/public/typings/v1/vtex.store-newsletter@1.3.0/public/@types/vtex.store-newsletter#29dd0374e8b44dbf734b7e14f31c2b11e1be71fc"

"vtex.store@http://vtex.vtexassets.com/_v/public/typings/v1/vtex.store@2.137.3/public/@types/vtex.store":
  version "2.137.3"
  resolved "http://vtex.vtexassets.com/_v/public/typings/v1/vtex.store@2.137.3/public/@types/vtex.store#c57f68491a538c3754893037420b4b5331820a76"

"vtex.styleguide@http://vtex.vtexassets.com/_v/public/typings/v1/vtex.styleguide@9.146.13/public/@types/vtex.styleguide":
  version "9.146.13"
  resolved "http://vtex.vtexassets.com/_v/public/typings/v1/vtex.styleguide@9.146.13/public/@types/vtex.styleguide#f4ccbc54621bf5114ddd115b6032ae320f2eba55"

"vtex.tab-layout@http://vtex.vtexassets.com/_v/public/typings/v1/vtex.tab-layout@0.4.6/public/@types/vtex.tab-layout":
  version "0.4.6"
  resolved "http://vtex.vtexassets.com/_v/public/typings/v1/vtex.tab-layout@0.4.6/public/@types/vtex.tab-layout#d0331c51239c0f677e1e405a967eb3e7dcad5cb9"

"vtex.telemarketing@http://vtex.vtexassets.com/_v/public/typings/v1/vtex.telemarketing@2.12.1/public/@types/vtex.telemarketing":
  version "2.12.1"
  resolved "http://vtex.vtexassets.com/_v/public/typings/v1/vtex.telemarketing@2.12.1/public/@types/vtex.telemarketing#0b43598b66598b4085af04268140ea8a8d84e263"

"vtex.visibility-layout@http://vtex.vtexassets.com/_v/public/typings/v1/vtex.visibility-layout@0.2.1/public/@types/vtex.visibility-layout":
  version "0.2.1"
  resolved "http://vtex.vtexassets.com/_v/public/typings/v1/vtex.visibility-layout@0.2.1/public/@types/vtex.visibility-layout#ceb2926c8a9e2dbec9c4c637f2c3e2317ec9ec46"

"vtex.wish-list@http://vtex.vtexassets.com/_v/public/typings/v1/vtex.wish-list@1.18.2/public/@types/vtex.wish-list":
  version "1.18.2"
  resolved "http://vtex.vtexassets.com/_v/public/typings/v1/vtex.wish-list@1.18.2/public/@types/vtex.wish-list#a7c756efa45b11a9548279e9014a971562147c20"
